// !$*UTF8*$!
{
	archiveVersion = 1;
	classes = {
	};
	objectVersion = 46;
	objects = {

/* Begin PBXBuildFile section */
		650C028F1946A5E30006E624 /* Foundation.framework in Frameworks */ = {isa = PBXBuildFile; fileRef = 650C028E1946A5E30006E624 /* Foundation.framework */; };
		650C02911946A5E30006E624 /* CoreGraphics.framework in Frameworks */ = {isa = PBXBuildFile; fileRef = 650C02901946A5E30006E624 /* CoreGraphics.framework */; };
		650C02931946A5E30006E624 /* UIKit.framework in Frameworks */ = {isa = PBXBuildFile; fileRef = 650C02921946A5E30006E624 /* UIKit.framework */; };
		650C02991946A5E30006E624 /* InfoPlist.strings in Resources */ = {isa = PBXBuildFile; fileRef = 650C02971946A5E30006E624 /* InfoPlist.strings */; };
		650C029B1946A5E30006E624 /* main.m in Sources */ = {isa = PBXBuildFile; fileRef = 650C029A1946A5E30006E624 /* main.m */; };
		650C029F1946A5E30006E624 /* MTAppDelegate.m in Sources */ = {isa = PBXBuildFile; fileRef = 650C029E1946A5E30006E624 /* MTAppDelegate.m */; };
		650C02A21946A5E30006E624 /* Main.storyboard in Resources */ = {isa = PBXBuildFile; fileRef = 650C02A01946A5E30006E624 /* Main.storyboard */; };
		650C02A51946A5E30006E624 /* MTViewController.m in Sources */ = {isa = PBXBuildFile; fileRef = 650C02A41946A5E30006E624 /* MTViewController.m */; };
		650C02A71946A5E30006E624 /* Images.xcassets in Resources */ = {isa = PBXBuildFile; fileRef = 650C02A61946A5E30006E624 /* Images.xcassets */; };
		650C02AE1946A5E30006E624 /* XCTest.framework in Frameworks */ = {isa = PBXBuildFile; fileRef = 650C02AD1946A5E30006E624 /* XCTest.framework */; };
		650C02AF1946A5E30006E624 /* Foundation.framework in Frameworks */ = {isa = PBXBuildFile; fileRef = 650C028E1946A5E30006E624 /* Foundation.framework */; };
		650C02B01946A5E30006E624 /* UIKit.framework in Frameworks */ = {isa = PBXBuildFile; fileRef = 650C02921946A5E30006E624 /* UIKit.framework */; };
		650C02B81946A5E30006E624 /* InfoPlist.strings in Resources */ = {isa = PBXBuildFile; fileRef = 650C02B61946A5E30006E624 /* InfoPlist.strings */; };
		650C02BA1946A5E30006E624 /* FlySchoolMasterTests.m in Sources */ = {isa = PBXBuildFile; fileRef = 650C02B91946A5E30006E624 /* FlySchoolMasterTests.m */; };
/* End PBXBuildFile section */

/* Begin PBXContainerItemProxy section */
		650C02B11946A5E30006E624 /* PBXContainerItemProxy */ = {
			isa = PBXContainerItemProxy;
			containerPortal = 650C02831946A5E20006E624 /* Project object */;
			proxyType = 1;
			remoteGlobalIDString = 650C028A1946A5E30006E624;
			remoteInfo = FlySchoolMaster;
		};
/* End PBXContainerItemProxy section */

/* Begin PBXFileReference section */
		650C028B1946A5E30006E624 /* FlySchoolMaster.app */ = {isa = PBXFileReference; explicitFileType = wrapper.application; includeInIndex = 0; path = FlySchoolMaster.app; sourceTree = BUILT_PRODUCTS_DIR; };
		650C028E1946A5E30006E624 /* Foundation.framework */ = {isa = PBXFileReference; lastKnownFileType = wrapper.framework; name = Foundation.framework; path = System/Library/Frameworks/Foundation.framework; sourceTree = SDKROOT; };
		650C02901946A5E30006E624 /* CoreGraphics.framework */ = {isa = PBXFileReference; lastKnownFileType = wrapper.framework; name = CoreGraphics.framework; path = System/Library/Frameworks/CoreGraphics.framework; sourceTree = SDKROOT; };
		650C02921946A5E30006E624 /* UIKit.framework */ = {isa = PBXFileReference; lastKnownFileType = wrapper.framework; name = UIKit.framework; path = System/Library/Frameworks/UIKit.framework; sourceTree = SDKROOT; };
		650C02961946A5E30006E624 /* FlySchoolMaster-Info.plist */ = {isa = PBXFileReference; lastKnownFileType = text.plist.xml; path = "FlySchoolMaster-Info.plist"; sourceTree = "<group>"; };
		650C02981946A5E30006E624 /* en */ = {isa = PBXFileReference; lastKnownFileType = text.plist.strings; name = en; path = en.lproj/InfoPlist.strings; sourceTree = "<group>"; };
		650C029A1946A5E30006E624 /* main.m */ = {isa = PBXFileReference; lastKnownFileType = sourcecode.c.objc; path = main.m; sourceTree = "<group>"; };
		650C029C1946A5E30006E624 /* FlySchoolMaster-Prefix.pch */ = {isa = PBXFileReference; lastKnownFileType = sourcecode.c.h; path = "FlySchoolMaster-Prefix.pch"; sourceTree = "<group>"; };
		650C029D1946A5E30006E624 /* MTAppDelegate.h */ = {isa = PBXFileReference; lastKnownFileType = sourcecode.c.h; path = MTAppDelegate.h; sourceTree = "<group>"; };
		650C029E1946A5E30006E624 /* MTAppDelegate.m */ = {isa = PBXFileReference; lastKnownFileType = sourcecode.c.objc; path = MTAppDelegate.m; sourceTree = "<group>"; };
		650C02A11946A5E30006E624 /* Base */ = {isa = PBXFileReference; lastKnownFileType = file.storyboard; name = Base; path = Base.lproj/Main.storyboard; sourceTree = "<group>"; };
		650C02A31946A5E30006E624 /* MTViewController.h */ = {isa = PBXFileReference; lastKnownFileType = sourcecode.c.h; path = MTViewController.h; sourceTree = "<group>"; };
		650C02A41946A5E30006E624 /* MTViewController.m */ = {isa = PBXFileReference; lastKnownFileType = sourcecode.c.objc; path = MTViewController.m; sourceTree = "<group>"; };
		650C02A61946A5E30006E624 /* Images.xcassets */ = {isa = PBXFileReference; lastKnownFileType = folder.assetcatalog; path = Images.xcassets; sourceTree = "<group>"; };
		650C02AC1946A5E30006E624 /* FlySchoolMasterTests.xctest */ = {isa = PBXFileReference; explicitFileType = wrapper.cfbundle; includeInIndex = 0; path = FlySchoolMasterTests.xctest; sourceTree = BUILT_PRODUCTS_DIR; };
		650C02AD1946A5E30006E624 /* XCTest.framework */ = {isa = PBXFileReference; lastKnownFileType = wrapper.framework; name = XCTest.framework; path = Library/Frameworks/XCTest.framework; sourceTree = DEVELOPER_DIR; };
		650C02B51946A5E30006E624 /* FlySchoolMasterTests-Info.plist */ = {isa = PBXFileReference; lastKnownFileType = text.plist.xml; path = "FlySchoolMasterTests-Info.plist"; sourceTree = "<group>"; };
		650C02B71946A5E30006E624 /* en */ = {isa = PBXFileReference; lastKnownFileType = text.plist.strings; name = en; path = en.lproj/InfoPlist.strings; sourceTree = "<group>"; };
		650C02B91946A5E30006E624 /* FlySchoolMasterTests.m */ = {isa = PBXFileReference; lastKnownFileType = sourcecode.c.objc; path = FlySchoolMasterTests.m; sourceTree = "<group>"; };
/* End PBXFileReference section */

/* Begin PBXFrameworksBuildPhase section */
		650C02881946A5E30006E624 /* Frameworks */ = {
			isa = PBXFrameworksBuildPhase;
			buildActionMask = 2147483647;
			files = (
				650C02911946A5E30006E624 /* CoreGraphics.framework in Frameworks */,
				650C02931946A5E30006E624 /* UIKit.framework in Frameworks */,
				650C028F1946A5E30006E624 /* Foundation.framework in Frameworks */,
			);
			runOnlyForDeploymentPostprocessing = 0;
		};
		650C02A91946A5E30006E624 /* Frameworks */ = {
			isa = PBXFrameworksBuildPhase;
			buildActionMask = 2147483647;
			files = (
				650C02AE1946A5E30006E624 /* XCTest.framework in Frameworks */,
				650C02B01946A5E30006E624 /* UIKit.framework in Frameworks */,
				650C02AF1946A5E30006E624 /* Foundation.framework in Frameworks */,
			);
			runOnlyForDeploymentPostprocessing = 0;
		};
/* End PBXFrameworksBuildPhase section */

/* Begin PBXGroup section */
		650C02821946A5E20006E624 = {
			isa = PBXGroup;
			children = (
				650C02941946A5E30006E624 /* FlySchoolMaster */,
				650C02B31946A5E30006E624 /* FlySchoolMasterTests */,
				650C028D1946A5E30006E624 /* Frameworks */,
				650C028C1946A5E30006E624 /* Products */,
			);
			sourceTree = "<group>";
		};
		650C028C1946A5E30006E624 /* Products */ = {
			isa = PBXGroup;
			children = (
				650C028B1946A5E30006E624 /* FlySchoolMaster.app */,
				650C02AC1946A5E30006E624 /* FlySchoolMasterTests.xctest */,
			);
			name = Products;
			sourceTree = "<group>";
		};
		650C028D1946A5E30006E624 /* Frameworks */ = {
			isa = PBXGroup;
			children = (
				650C028E1946A5E30006E624 /* Foundation.framework */,
				650C02901946A5E30006E624 /* CoreGraphics.framework */,
				650C02921946A5E30006E624 /* UIKit.framework */,
				650C02AD1946A5E30006E624 /* XCTest.framework */,
			);
			name = Frameworks;
			sourceTree = "<group>";
		};
		650C02941946A5E30006E624 /* FlySchoolMaster */ = {
			isa = PBXGroup;
			children = (
				650C029D1946A5E30006E624 /* MTAppDelegate.h */,
				650C029E1946A5E30006E624 /* MTAppDelegate.m */,
				650C02A01946A5E30006E624 /* Main.storyboard */,
				650C02A31946A5E30006E624 /* MTViewController.h */,
				650C02A41946A5E30006E624 /* MTViewController.m */,
				650C02A61946A5E30006E624 /* Images.xcassets */,
				650C02951946A5E30006E624 /* Supporting Files */,
			);
			path = FlySchoolMaster;
			sourceTree = "<group>";
		};
		650C02951946A5E30006E624 /* Supporting Files */ = {
			isa = PBXGroup;
			children = (
				650C02961946A5E30006E624 /* FlySchoolMaster-Info.plist */,
				650C02971946A5E30006E624 /* InfoPlist.strings */,
				650C029A1946A5E30006E624 /* main.m */,
				650C029C1946A5E30006E624 /* FlySchoolMaster-Prefix.pch */,
			);
			name = "Supporting Files";
			sourceTree = "<group>";
		};
		650C02B31946A5E30006E624 /* FlySchoolMasterTests */ = {
			isa = PBXGroup;
			children = (
				650C02B91946A5E30006E624 /* FlySchoolMasterTests.m */,
				650C02B41946A5E30006E624 /* Supporting Files */,
			);
			path = FlySchoolMasterTests;
			sourceTree = "<group>";
		};
		650C02B41946A5E30006E624 /* Supporting Files */ = {
			isa = PBXGroup;
			children = (
				650C02B51946A5E30006E624 /* FlySchoolMasterTests-Info.plist */,
				650C02B61946A5E30006E624 /* InfoPlist.strings */,
			);
			name = "Supporting Files";
			sourceTree = "<group>";
		};
/* End PBXGroup section */

/* Begin PBXNativeTarget section */
		650C028A1946A5E30006E624 /* FlySchoolMaster */ = {
			isa = PBXNativeTarget;
			buildConfigurationList = 650C02BD1946A5E30006E624 /* Build configuration list for PBXNativeTarget "FlySchoolMaster" */;
			buildPhases = (
				650C02871946A5E30006E624 /* Sources */,
				650C02881946A5E30006E624 /* Frameworks */,
				650C02891946A5E30006E624 /* Resources */,
			);
			buildRules = (
			);
			dependencies = (
			);
			name = FlySchoolMaster;
			productName = FlySchoolMaster;
			productReference = 650C028B1946A5E30006E624 /* FlySchoolMaster.app */;
			productType = "com.apple.product-type.application";
		};
		650C02AB1946A5E30006E624 /* FlySchoolMasterTests */ = {
			isa = PBXNativeTarget;
			buildConfigurationList = 650C02C01946A5E30006E624 /* Build configuration list for PBXNativeTarget "FlySchoolMasterTests" */;
			buildPhases = (
				650C02A81946A5E30006E624 /* Sources */,
				650C02A91946A5E30006E624 /* Frameworks */,
				650C02AA1946A5E30006E624 /* Resources */,
			);
			buildRules = (
			);
			dependencies = (
				650C02B21946A5E30006E624 /* PBXTargetDependency */,
			);
			name = FlySchoolMasterTests;
			productName = FlySchoolMasterTests;
			productReference = 650C02AC1946A5E30006E624 /* FlySchoolMasterTests.xctest */;
			productType = "com.apple.product-type.bundle.unit-test";
		};
/* End PBXNativeTarget section */

/* Begin PBXProject section */
		650C02831946A5E20006E624 /* Project object */ = {
			isa = PBXProject;
			attributes = {
				CLASSPREFIX = MT;
				LastUpgradeCheck = 0510;
				ORGANIZATIONNAME = MingThink;
				TargetAttributes = {
					650C02AB1946A5E30006E624 = {
						TestTargetID = 650C028A1946A5E30006E624;
					};
				};
			};
			buildConfigurationList = 650C02861946A5E20006E624 /* Build configuration list for PBXProject "FlySchoolMaster" */;
			compatibilityVersion = "Xcode 3.2";
			developmentRegion = English;
			hasScannedForEncodings = 0;
			knownRegions = (
				en,
				Base,
			);
			mainGroup = 650C02821946A5E20006E624;
			productRefGroup = 650C028C1946A5E30006E624 /* Products */;
			projectDirPath = "";
			projectRoot = "";
			targets = (
				650C028A1946A5E30006E624 /* FlySchoolMaster */,
				650C02AB1946A5E30006E624 /* FlySchoolMasterTests */,
			);
		};
/* End PBXProject section */

/* Begin PBXResourcesBuildPhase section */
		650C02891946A5E30006E624 /* Resources */ = {
			isa = PBXResourcesBuildPhase;
			buildActionMask = 2147483647;
			files = (
				650C02A71946A5E30006E624 /* Images.xcassets in Resources */,
				650C02991946A5E30006E624 /* InfoPlist.strings in Resources */,
				650C02A21946A5E30006E624 /* Main.storyboard in Resources */,
			);
			runOnlyForDeploymentPostprocessing = 0;
		};
		650C02AA1946A5E30006E624 /* Resources */ = {
			isa = PBXResourcesBuildPhase;
			buildActionMask = 2147483647;
			files = (
				650C02B81946A5E30006E624 /* InfoPlist.strings in Resources */,
			);
			runOnlyForDeploymentPostprocessing = 0;
		};
/* End PBXResourcesBuildPhase section */

/* Begin PBXSourcesBuildPhase section */
		650C02871946A5E30006E624 /* Sources */ = {
			isa = PBXSourcesBuildPhase;
			buildActionMask = 2147483647;
			files = (
				650C029B1946A5E30006E624 /* main.m in Sources */,
				650C02A51946A5E30006E624 /* MTViewController.m in Sources */,
				650C029F1946A5E30006E624 /* MTAppDelegate.m in Sources */,
			);
			runOnlyForDeploymentPostprocessing = 0;
		};
		650C02A81946A5E30006E624 /* Sources */ = {
			isa = PBXSourcesBuildPhase;
			buildActionMask = 2147483647;
			files = (
				650C02BA1946A5E30006E624 /* FlySchoolMasterTests.m in Sources */,
			);
			runOnlyForDeploymentPostprocessing = 0;
		};
/* End PBXSourcesBuildPhase section */

/* Begin PBXTargetDependency section */
		650C02B21946A5E30006E624 /* PBXTargetDependency */ = {
			isa = PBXTargetDependency;
			target = 650C028A1946A5E30006E624 /* FlySchoolMaster */;
			targetProxy = 650C02B11946A5E30006E624 /* PBXContainerItemProxy */;
		};
/* End PBXTargetDependency section */

/* Begin PBXVariantGroup section */
		650C02971946A5E30006E624 /* InfoPlist.strings */ = {
			isa = PBXVariantGroup;
			children = (
				650C02981946A5E30006E624 /* en */,
			);
			name = InfoPlist.strings;
			sourceTree = "<group>";
		};
		650C02A01946A5E30006E624 /* Main.storyboard */ = {
			isa = PBXVariantGroup;
			children = (
				650C02A11946A5E30006E624 /* Base */,
			);
			name = Main.storyboard;
			sourceTree = "<group>";
		};
		650C02B61946A5E30006E624 /* InfoPlist.strings */ = {
			isa = PBXVariantGroup;
			children = (
				650C02B71946A5E30006E624 /* en */,
			);
			name = InfoPlist.strings;
			sourceTree = "<group>";
		};
/* End PBXVariantGroup section */

/* Begin XCBuildConfiguration section */
		650C02BB1946A5E30006E624 /* Debug */ = {
			isa = XCBuildConfiguration;
			buildSettings = {
				ALWAYS_SEARCH_USER_PATHS = NO;
				CLANG_CXX_LANGUAGE_STANDARD = "gnu++0x";
				CLANG_CXX_LIBRARY = "libc++";
				CLANG_ENABLE_MODULES = YES;
				CLANG_ENABLE_OBJC_ARC = YES;
				CLANG_WARN_BOOL_CONVERSION = YES;
				CLANG_WARN_CONSTANT_CONVERSION = YES;
				CLANG_WARN_DIRECT_OBJC_ISA_USAGE = YES_ERROR;
				CLANG_WARN_EMPTY_BODY = YES;
				CLANG_WARN_ENUM_CONVERSION = YES;
				CLANG_WARN_INT_CONVERSION = YES;
				CLANG_WARN_OBJC_ROOT_CLASS = YES_ERROR;
				CLANG_WARN__DUPLICATE_METHOD_MATCH = YES;
				"CODE_SIGN_IDENTITY[sdk=iphoneos*]" = "iPhone Developer";
				COPY_PHASE_STRIP = NO;
				GCC_C_LANGUAGE_STANDARD = gnu99;
				GCC_DYNAMIC_NO_PIC = NO;
				GCC_OPTIMIZATION_LEVEL = 0;
				GCC_PREPROCESSOR_DEFINITIONS = (
					"DEBUG=1",
					"$(inherited)",
				);
				GCC_SYMBOLS_PRIVATE_EXTERN = NO;
				GCC_WARN_64_TO_32_BIT_CONVERSION = YES;
				GCC_WARN_ABOUT_RETURN_TYPE = YES_ERROR;
				GCC_WARN_UNDECLARED_SELECTOR = YES;
				GCC_WARN_UNINITIALIZED_AUTOS = YES_AGGRESSIVE;
				GCC_WARN_UNUSED_FUNCTION = YES;
				GCC_WARN_UNUSED_VARIABLE = YES;
				IPHONEOS_DEPLOYMENT_TARGET = 7.1;
				ONLY_ACTIVE_ARCH = YES;
				SDKROOT = iphoneos;
			};
			name = Debug;
		};
		650C02BC1946A5E30006E624 /* Release */ = {
			isa = XCBuildConfiguration;
			buildSettings = {
				ALWAYS_SEARCH_USER_PATHS = NO;
				CLANG_CXX_LANGUAGE_STANDARD = "gnu++0x";
				CLANG_CXX_LIBRARY = "libc++";
				CLANG_ENABLE_MODULES = YES;
				CLANG_ENABLE_OBJC_ARC = YES;
				CLANG_WARN_BOOL_CONVERSION = YES;
				CLANG_WARN_CONSTANT_CONVERSION = YES;
				CLANG_WARN_DIRECT_OBJC_ISA_USAGE = YES_ERROR;
				CLANG_WARN_EMPTY_BODY = YES;
				CLANG_WARN_ENUM_CONVERSION = YES;
				CLANG_WARN_INT_CONVERSION = YES;
				CLANG_WARN_OBJC_ROOT_CLASS = YES_ERROR;
				CLANG_WARN__DUPLICATE_METHOD_MATCH = YES;
				"CODE_SIGN_IDENTITY[sdk=iphoneos*]" = "iPhone Developer";
				COPY_PHASE_STRIP = YES;
				ENABLE_NS_ASSERTIONS = NO;
				GCC_C_LANGUAGE_STANDARD = gnu99;
				GCC_WARN_64_TO_32_BIT_CONVERSION = YES;
				GCC_WARN_ABOUT_RETURN_TYPE = YES_ERROR;
				GCC_WARN_UNDECLARED_SELECTOR = YES;
				GCC_WARN_UNINITIALIZED_AUTOS = YES_AGGRESSIVE;
				GCC_WARN_UNUSED_FUNCTION = YES;
				GCC_WARN_UNUSED_VARIABLE = YES;
				IPHONEOS_DEPLOYMENT_TARGET = 7.1;
				SDKROOT = iphoneos;
				VALIDATE_PRODUCT = YES;
			};
			name = Release;
		};
		650C02BE1946A5E30006E624 /* Debug */ = {
			isa = XCBuildConfiguration;
			buildSettings = {
				ASSETCATALOG_COMPILER_APPICON_NAME = AppIcon;
				ASSETCATALOG_COMPILER_LAUNCHIMAGE_NAME = LaunchImage;
				GCC_PRECOMPILE_PREFIX_HEADER = YES;
				GCC_PREFIX_HEADER = "FlySchoolMaster/FlySchoolMaster-Prefix.pch";
				INFOPLIST_FILE = "FlySchoolMaster/FlySchoolMaster-Info.plist";
				PRODUCT_NAME = "$(TARGET_NAME)";
				WRAPPER_EXTENSION = app;
			};
			name = Debug;
		};
		650C02BF1946A5E30006E624 /* Release */ = {
			isa = XCBuildConfiguration;
			buildSettings = {
				ASSETCATALOG_COMPILER_APPICON_NAME = AppIcon;
				ASSETCATALOG_COMPILER_LAUNCHIMAGE_NAME = LaunchImage;
				GCC_PRECOMPILE_PREFIX_HEADER = YES;
				GCC_PREFIX_HEADER = "FlySchoolMaster/FlySchoolMaster-Prefix.pch";
				INFOPLIST_FILE = "FlySchoolMaster/FlySchoolMaster-Info.plist";
				PRODUCT_NAME = "$(TARGET_NAME)";
				WRAPPER_EXTENSION = app;
			};
			name = Release;
		};
		650C02C11946A5E30006E624 /* Debug */ = {
			isa = XCBuildConfiguration;
			buildSettings = {
				BUNDLE_LOADER = "$(BUILT_PRODUCTS_DIR)/FlySchoolMaster.app/FlySchoolMaster";
				FRAMEWORK_SEARCH_PATHS = (
					"$(SDKROOT)/Developer/Library/Frameworks",
					"$(inherited)",
					"$(DEVELOPER_FRAMEWORKS_DIR)",
				);
				GCC_PRECOMPILE_PREFIX_HEADER = YES;
				GCC_PREFIX_HEADER = "FlySchoolMaster/FlySchoolMaster-Prefix.pch";
				GCC_PREPROCESSOR_DEFINITIONS = (
					"DEBUG=1",
					"$(inherited)",
				);
				INFOPLIST_FILE = "FlySchoolMasterTests/FlySchoolMasterTests-Info.plist";
				PRODUCT_NAME = "$(TARGET_NAME)";
				TEST_HOST = "$(BUNDLE_LOADER)";
				WRAPPER_EXTENSION = xctest;
			};
			name = Debug;
		};
		650C02C21946A5E30006E624 /* Release */ = {
			isa = XCBuildConfiguration;
			buildSettings = {
				BUNDLE_LOADER = "$(BUILT_PRODUCTS_DIR)/FlySchoolMaster.app/FlySchoolMaster";
				FRAMEWORK_SEARCH_PATHS = (
					"$(SDKROOT)/Developer/Library/Frameworks",
					"$(inherited)",
					"$(DEVELOPER_FRAMEWORKS_DIR)",
				);
				GCC_PRECOMPILE_PREFIX_HEADER = YES;
				GCC_PREFIX_HEADER = "FlySchoolMaster/FlySchoolMaster-Prefix.pch";
				INFOPLIST_FILE = "FlySchoolMasterTests/FlySchoolMasterTests-Info.plist";
				PRODUCT_NAME = "$(TARGET_NAME)";
				TEST_HOST = "$(BUNDLE_LOADER)";
				WRAPPER_EXTENSION = xctest;
			};
			name = Release;
		};
/* End XCBuildConfiguration section */

/* Begin XCConfigurationList section */
		650C02861946A5E20006E624 /* Build configuration list for PBXProject "FlySchoolMaster" */ = {
			isa = XCConfigurationList;
			buildConfigurations = (
				650C02BB1946A5E30006E624 /* Debug */,
				650C02BC1946A5E30006E624 /* Release */,
			);
			defaultConfigurationIsVisible = 0;
			defaultConfigurationName = Release;
		};
		650C02BD1946A5E30006E624 /* Build configuration list for PBXNativeTarget "FlySchoolMaster" */ = {
			isa = XCConfigurationList;
			buildConfigurations = (
				650C02BE1946A5E30006E624 /* Debug */,
				650C02BF1946A5E30006E624 /* Release */,
			);
			defaultConfigurationIsVisible = 0;
		};
		650C02C01946A5E30006E624 /* Build configuration list for PBXNativeTarget "FlySchoolMasterTests" */ = {
			isa = XCConfigurationList;
			buildConfigurations = (
				650C02C11946A5E30006E624 /* Debug */,
				650C02C21946A5E30006E624 /* Release */,
			);
			defaultConfigurationIsVisible = 0;
		};
/* End XCConfigurationList section */
	};
	rootObject = 650C02831946A5E20006E624 /* Project object */;
}
